// !$*UTF8*$!
{
	archiveVersion = 1;
	classes = {
	};
	objectVersion = 48;
	objects = {

/* Begin PBXBuildFile section */
		A33D74D21FA05C9F007E362E /* AppDelegate.swift in Sources */ = {isa = PBXBuildFile; fileRef = A33D74D11FA05C9F007E362E /* AppDelegate.swift */; };
		A33D74D41FA05C9F007E362E /* ViewController.swift in Sources */ = {isa = PBXBuildFile; fileRef = A33D74D31FA05C9F007E362E /* ViewController.swift */; };
		A33D74D71FA05C9F007E362E /* Main.storyboard in Resources */ = {isa = PBXBuildFile; fileRef = A33D74D51FA05C9F007E362E /* Main.storyboard */; };
		A33D74D91FA05C9F007E362E /* Assets.xcassets in Resources */ = {isa = PBXBuildFile; fileRef = A33D74D81FA05C9F007E362E /* Assets.xcassets */; };
		A33D74DC1FA05C9F007E362E /* LaunchScreen.storyboard in Resources */ = {isa = PBXBuildFile; fileRef = A33D74DA1FA05C9F007E362E /* LaunchScreen.storyboard */; };
		A33D74E71FA05C9F007E362E /* BLE_LabTests.swift in Sources */ = {isa = PBXBuildFile; fileRef = A33D74E61FA05C9F007E362E /* BLE_LabTests.swift */; };
		A33D74F21FA05C9F007E362E /* BLE_LabUITests.swift in Sources */ = {isa = PBXBuildFile; fileRef = A33D74F11FA05C9F007E362E /* BLE_LabUITests.swift */; };
/* End PBXBuildFile section */

/* Begin PBXContainerItemProxy section */
		A33D74E31FA05C9F007E362E /* PBXContainerItemProxy */ = {
			isa = PBXContainerItemProxy;
			containerPortal = A33D74C61FA05C9F007E362E /* Project object */;
			proxyType = 1;
			remoteGlobalIDString = A33D74CD1FA05C9F007E362E;
			remoteInfo = "BLE Lab";
		};
		A33D74EE1FA05C9F007E362E /* PBXContainerItemProxy */ = {
			isa = PBXContainerItemProxy;
			containerPortal = A33D74C61FA05C9F007E362E /* Project object */;
			proxyType = 1;
			remoteGlobalIDString = A33D74CD1FA05C9F007E362E;
			remoteInfo = "BLE Lab";
		};
/* End PBXContainerItemProxy section */

/* Begin PBXFileReference section */
		A33D74CE1FA05C9F007E362E /* BLE Lab.app */ = {isa = PBXFileReference; explicitFileType = wrapper.application; includeInIndex = 0; path = "BLE Lab.app"; sourceTree = BUILT_PRODUCTS_DIR; };
		A33D74D11FA05C9F007E362E /* AppDelegate.swift */ = {isa = PBXFileReference; lastKnownFileType = sourcecode.swift; path = AppDelegate.swift; sourceTree = "<group>"; };
		A33D74D31FA05C9F007E362E /* ViewController.swift */ = {isa = PBXFileReference; lastKnownFileType = sourcecode.swift; path = ViewController.swift; sourceTree = "<group>"; };
		A33D74D61FA05C9F007E362E /* Base */ = {isa = PBXFileReference; lastKnownFileType = file.storyboard; name = Base; path = Base.lproj/Main.storyboard; sourceTree = "<group>"; };
		A33D74D81FA05C9F007E362E /* Assets.xcassets */ = {isa = PBXFileReference; lastKnownFileType = folder.assetcatalog; path = Assets.xcassets; sourceTree = "<group>"; };
		A33D74DB1FA05C9F007E362E /* Base */ = {isa = PBXFileReference; lastKnownFileType = file.storyboard; name = Base; path = Base.lproj/LaunchScreen.storyboard; sourceTree = "<group>"; };
		A33D74DD1FA05C9F007E362E /* Info.plist */ = {isa = PBXFileReference; lastKnownFileType = text.plist.xml; path = Info.plist; sourceTree = "<group>"; };
		A33D74E21FA05C9F007E362E /* BLE LabTests.xctest */ = {isa = PBXFileReference; explicitFileType = wrapper.cfbundle; includeInIndex = 0; path = "BLE LabTests.xctest"; sourceTree = BUILT_PRODUCTS_DIR; };
		A33D74E61FA05C9F007E362E /* BLE_LabTests.swift */ = {isa = PBXFileReference; lastKnownFileType = sourcecode.swift; path = BLE_LabTests.swift; sourceTree = "<group>"; };
		A33D74E81FA05C9F007E362E /* Info.plist */ = {isa = PBXFileReference; lastKnownFileType = text.plist.xml; path = Info.plist; sourceTree = "<group>"; };
		A33D74ED1FA05C9F007E362E /* BLE LabUITests.xctest */ = {isa = PBXFileReference; explicitFileType = wrapper.cfbundle; includeInIndex = 0; path = "BLE LabUITests.xctest"; sourceTree = BUILT_PRODUCTS_DIR; };
		A33D74F11FA05C9F007E362E /* BLE_LabUITests.swift */ = {isa = PBXFileReference; lastKnownFileType = sourcecode.swift; path = BLE_LabUITests.swift; sourceTree = "<group>"; };
		A33D74F31FA05C9F007E362E /* Info.plist */ = {isa = PBXFileReference; lastKnownFileType = text.plist.xml; path = Info.plist; sourceTree = "<group>"; };
/* End PBXFileReference section */

/* Begin PBXFrameworksBuildPhase section */
		A33D74CB1FA05C9F007E362E /* Frameworks */ = {
			isa = PBXFrameworksBuildPhase;
			buildActionMask = 2147483647;
			files = (
			);
			runOnlyForDeploymentPostprocessing = 0;
		};
		A33D74DF1FA05C9F007E362E /* Frameworks */ = {
			isa = PBXFrameworksBuildPhase;
			buildActionMask = 2147483647;
			files = (
			);
			runOnlyForDeploymentPostprocessing = 0;
		};
		A33D74EA1FA05C9F007E362E /* Frameworks */ = {
			isa = PBXFrameworksBuildPhase;
			buildActionMask = 2147483647;
			files = (
			);
			runOnlyForDeploymentPostprocessing = 0;
		};
/* End PBXFrameworksBuildPhase section */

/* Begin PBXGroup section */
		A33D74C51FA05C9F007E362E = {
			isa = PBXGroup;
			children = (
				A33D74D01FA05C9F007E362E /* BLE Lab */,
				A33D74E51FA05C9F007E362E /* BLE LabTests */,
				A33D74F01FA05C9F007E362E /* BLE LabUITests */,
				A33D74CF1FA05C9F007E362E /* Products */,
			);
			sourceTree = "<group>";
		};
		A33D74CF1FA05C9F007E362E /* Products */ = {
			isa = PBXGroup;
			children = (
				A33D74CE1FA05C9F007E362E /* BLE Lab.app */,
				A33D74E21FA05C9F007E362E /* BLE LabTests.xctest */,
				A33D74ED1FA05C9F007E362E /* BLE LabUITests.xctest */,
			);
			name = Products;
			sourceTree = "<group>";
		};
		A33D74D01FA05C9F007E362E /* BLE Lab */ = {
			isa = PBXGroup;
			children = (
				A33D74D11FA05C9F007E362E /* AppDelegate.swift */,
				A33D74D31FA05C9F007E362E /* ViewController.swift */,
				A33D74D51FA05C9F007E362E /* Main.storyboard */,
				A33D74D81FA05C9F007E362E /* Assets.xcassets */,
				A33D74DA1FA05C9F007E362E /* LaunchScreen.storyboard */,
				A33D74DD1FA05C9F007E362E /* Info.plist */,
			);
			path = "BLE Lab";
			sourceTree = "<group>";
		};
		A33D74E51FA05C9F007E362E /* BLE LabTests */ = {
			isa = PBXGroup;
			children = (
				A33D74E61FA05C9F007E362E /* BLE_LabTests.swift */,
				A33D74E81FA05C9F007E362E /* Info.plist */,
			);
			path = "BLE LabTests";
			sourceTree = "<group>";
		};
		A33D74F01FA05C9F007E362E /* BLE LabUITests */ = {
			isa = PBXGroup;
			children = (
				A33D74F11FA05C9F007E362E /* BLE_LabUITests.swift */,
				A33D74F31FA05C9F007E362E /* Info.plist */,
			);
			path = "BLE LabUITests";
			sourceTree = "<group>";
		};
/* End PBXGroup section */

/* Begin PBXNativeTarget section */
		A33D74CD1FA05C9F007E362E /* BLE Lab */ = {
			isa = PBXNativeTarget;
			buildConfigurationList = A33D74F61FA05C9F007E362E /* Build configuration list for PBXNativeTarget "BLE Lab" */;
			buildPhases = (
				A33D74CA1FA05C9F007E362E /* Sources */,
				A33D74CB1FA05C9F007E362E /* Frameworks */,
				A33D74CC1FA05C9F007E362E /* Resources */,
			);
			buildRules = (
			);
			dependencies = (
			);
			name = "BLE Lab";
			productName = "BLE Lab";
			productReference = A33D74CE1FA05C9F007E362E /* BLE Lab.app */;
			productType = "com.apple.product-type.application";
		};
		A33D74E11FA05C9F007E362E /* BLE LabTests */ = {
			isa = PBXNativeTarget;
			buildConfigurationList = A33D74F91FA05C9F007E362E /* Build configuration list for PBXNativeTarget "BLE LabTests" */;
			buildPhases = (
				A33D74DE1FA05C9F007E362E /* Sources */,
				A33D74DF1FA05C9F007E362E /* Frameworks */,
				A33D74E01FA05C9F007E362E /* Resources */,
			);
			buildRules = (
			);
			dependencies = (
				A33D74E41FA05C9F007E362E /* PBXTargetDependency */,
			);
			name = "BLE LabTests";
			productName = "BLE LabTests";
			productReference = A33D74E21FA05C9F007E362E /* BLE LabTests.xctest */;
			productType = "com.apple.product-type.bundle.unit-test";
		};
		A33D74EC1FA05C9F007E362E /* BLE LabUITests */ = {
			isa = PBXNativeTarget;
			buildConfigurationList = A33D74FC1FA05C9F007E362E /* Build configuration list for PBXNativeTarget "BLE LabUITests" */;
			buildPhases = (
				A33D74E91FA05C9F007E362E /* Sources */,
				A33D74EA1FA05C9F007E362E /* Frameworks */,
				A33D74EB1FA05C9F007E362E /* Resources */,
			);
			buildRules = (
			);
			dependencies = (
				A33D74EF1FA05C9F007E362E /* PBXTargetDependency */,
			);
			name = "BLE LabUITests";
			productName = "BLE LabUITests";
			productReference = A33D74ED1FA05C9F007E362E /* BLE LabUITests.xctest */;
			productType = "com.apple.product-type.bundle.ui-testing";
		};
/* End PBXNativeTarget section */

/* Begin PBXProject section */
		A33D74C61FA05C9F007E362E /* Project object */ = {
			isa = PBXProject;
			attributes = {
				LastSwiftUpdateCheck = 0900;
				LastUpgradeCheck = 0900;
				ORGANIZATIONNAME = "Luke Hansen";
				TargetAttributes = {
					A33D74CD1FA05C9F007E362E = {
						CreatedOnToolsVersion = 9.0.1;
						ProvisioningStyle = Automatic;
					};
					A33D74E11FA05C9F007E362E = {
						CreatedOnToolsVersion = 9.0.1;
						ProvisioningStyle = Automatic;
						TestTargetID = A33D74CD1FA05C9F007E362E;
					};
					A33D74EC1FA05C9F007E362E = {
						CreatedOnToolsVersion = 9.0.1;
						ProvisioningStyle = Automatic;
						TestTargetID = A33D74CD1FA05C9F007E362E;
					};
				};
			};
			buildConfigurationList = A33D74C91FA05C9F007E362E /* Build configuration list for PBXProject "BLE Lab" */;
			compatibilityVersion = "Xcode 8.0";
			developmentRegion = en;
			hasScannedForEncodings = 0;
			knownRegions = (
				en,
				Base,
			);
			mainGroup = A33D74C51FA05C9F007E362E;
			productRefGroup = A33D74CF1FA05C9F007E362E /* Products */;
			projectDirPath = "";
			projectRoot = "";
			targets = (
				A33D74CD1FA05C9F007E362E /* BLE Lab */,
				A33D74E11FA05C9F007E362E /* BLE LabTests */,
				A33D74EC1FA05C9F007E362E /* BLE LabUITests */,
			);
		};
/* End PBXProject section */

/* Begin PBXResourcesBuildPhase section */
		A33D74CC1FA05C9F007E362E /* Resources */ = {
			isa = PBXResourcesBuildPhase;
			buildActionMask = 2147483647;
			files = (
				A33D74DC1FA05C9F007E362E /* LaunchScreen.storyboard in Resources */,
				A33D74D91FA05C9F007E362E /* Assets.xcassets in Resources */,
				A33D74D71FA05C9F007E362E /* Main.storyboard in Resources */,
			);
			runOnlyForDeploymentPostprocessing = 0;
		};
		A33D74E01FA05C9F007E362E /* Resources */ = {
			isa = PBXResourcesBuildPhase;
			buildActionMask = 2147483647;
			files = (
			);
			runOnlyForDeploymentPostprocessing = 0;
		};
		A33D74EB1FA05C9F007E362E /* Resources */ = {
			isa = PBXResourcesBuildPhase;
			buildActionMask = 2147483647;
			files = (
			);
			runOnlyForDeploymentPostprocessing = 0;
		};
/* End PBXResourcesBuildPhase section */

/* Begin PBXSourcesBuildPhase section */
		A33D74CA1FA05C9F007E362E /* Sources */ = {
			isa = PBXSourcesBuildPhase;
			buildActionMask = 2147483647;
			files = (
				A33D74D41FA05C9F007E362E /* ViewController.swift in Sources */,
				A33D74D21FA05C9F007E362E /* AppDelegate.swift in Sources */,
			);
			runOnlyForDeploymentPostprocessing = 0;
		};
		A33D74DE1FA05C9F007E362E /* Sources */ = {
			isa = PBXSourcesBuildPhase;
			buildActionMask = 2147483647;
			files = (
				A33D74E71FA05C9F007E362E /* BLE_LabTests.swift in Sources */,
			);
			runOnlyForDeploymentPostprocessing = 0;
		};
		A33D74E91FA05C9F007E362E /* Sources */ = {
			isa = PBXSourcesBuildPhase;
			buildActionMask = 2147483647;
			files = (
				A33D74F21FA05C9F007E362E /* BLE_LabUITests.swift in Sources */,
			);
			runOnlyForDeploymentPostprocessing = 0;
		};
/* End PBXSourcesBuildPhase section */

/* Begin PBXTargetDependency section */
		A33D74E41FA05C9F007E362E /* PBXTargetDependency */ = {
			isa = PBXTargetDependency;
			target = A33D74CD1FA05C9F007E362E /* BLE Lab */;
			targetProxy = A33D74E31FA05C9F007E362E /* PBXContainerItemProxy */;
		};
		A33D74EF1FA05C9F007E362E /* PBXTargetDependency */ = {
			isa = PBXTargetDependency;
			target = A33D74CD1FA05C9F007E362E /* BLE Lab */;
			targetProxy = A33D74EE1FA05C9F007E362E /* PBXContainerItemProxy */;
		};
/* End PBXTargetDependency section */

/* Begin PBXVariantGroup section */
		A33D74D51FA05C9F007E362E /* Main.storyboard */ = {
			isa = PBXVariantGroup;
			children = (
				A33D74D61FA05C9F007E362E /* Base */,
			);
			name = Main.storyboard;
			sourceTree = "<group>";
		};
		A33D74DA1FA05C9F007E362E /* LaunchScreen.storyboard */ = {
			isa = PBXVariantGroup;
			children = (
				A33D74DB1FA05C9F007E362E /* Base */,
			);
			name = LaunchScreen.storyboard;
			sourceTree = "<group>";
		};
/* End PBXVariantGroup section */

/* Begin XCBuildConfiguration section */
		A33D74F41FA05C9F007E362E /* Debug */ = {
			isa = XCBuildConfiguration;
			buildSettings = {
				ALWAYS_SEARCH_USER_PATHS = NO;
				CLANG_ANALYZER_NONNULL = YES;
				CLANG_ANALYZER_NUMBER_OBJECT_CONVERSION = YES_AGGRESSIVE;
				CLANG_CXX_LANGUAGE_STANDARD = "gnu++14";
				CLANG_CXX_LIBRARY = "libc++";
				CLANG_ENABLE_MODULES = YES;
				CLANG_ENABLE_OBJC_ARC = YES;
				CLANG_WARN_BLOCK_CAPTURE_AUTORELEASING = YES;
				CLANG_WARN_BOOL_CONVERSION = YES;
				CLANG_WARN_COMMA = YES;
				CLANG_WARN_CONSTANT_CONVERSION = YES;
				CLANG_WARN_DIRECT_OBJC_ISA_USAGE = YES_ERROR;
				CLANG_WARN_DOCUMENTATION_COMMENTS = YES;
				CLANG_WARN_EMPTY_BODY = YES;
				CLANG_WARN_ENUM_CONVERSION = YES;
				CLANG_WARN_INFINITE_RECURSION = YES;
				CLANG_WARN_INT_CONVERSION = YES;
				CLANG_WARN_NON_LITERAL_NULL_CONVERSION = YES;
				CLANG_WARN_OBJC_LITERAL_CONVERSION = YES;
				CLANG_WARN_OBJC_ROOT_CLASS = YES_ERROR;
				CLANG_WARN_RANGE_LOOP_ANALYSIS = YES;
				CLANG_WARN_STRICT_PROTOTYPES = YES;
				CLANG_WARN_SUSPICIOUS_MOVE = YES;
				CLANG_WARN_UNGUARDED_AVAILABILITY = YES_AGGRESSIVE;
				CLANG_WARN_UNREACHABLE_CODE = YES;
				CLANG_WARN__DUPLICATE_METHOD_MATCH = YES;
				CODE_SIGN_IDENTITY = "iPhone Developer";
				COPY_PHASE_STRIP = NO;
				DEBUG_INFORMATION_FORMAT = dwarf;
				ENABLE_STRICT_OBJC_MSGSEND = YES;
				ENABLE_TESTABILITY = YES;
				GCC_C_LANGUAGE_STANDARD = gnu11;
				GCC_DYNAMIC_NO_PIC = NO;
				GCC_NO_COMMON_BLOCKS = YES;
				GCC_OPTIMIZATION_LEVEL = 0;
				GCC_PREPROCESSOR_DEFINITIONS = (
					"DEBUG=1",
					"$(inherited)",
				);
				GCC_WARN_64_TO_32_BIT_CONVERSION = YES;
				GCC_WARN_ABOUT_RETURN_TYPE = YES_ERROR;
				GCC_WARN_UNDECLARED_SELECTOR = YES;
				GCC_WARN_UNINITIALIZED_AUTOS = YES_AGGRESSIVE;
				GCC_WARN_UNUSED_FUNCTION = YES;
				GCC_WARN_UNUSED_VARIABLE = YES;
				IPHONEOS_DEPLOYMENT_TARGET = 11.0;
				MTL_ENABLE_DEBUG_INFO = YES;
				ONLY_ACTIVE_ARCH = YES;
				SDKROOT = iphoneos;
				SWIFT_ACTIVE_COMPILATION_CONDITIONS = DEBUG;
				SWIFT_OPTIMIZATION_LEVEL = "-Onone";
			};
			name = Debug;
		};
		A33D74F51FA05C9F007E362E /* Release */ = {
			isa = XCBuildConfiguration;
			buildSettings = {
				ALWAYS_SEARCH_USER_PATHS = NO;
				CLANG_ANALYZER_NONNULL = YES;
				CLANG_ANALYZER_NUMBER_OBJECT_CONVERSION = YES_AGGRESSIVE;
				CLANG_CXX_LANGUAGE_STANDARD = "gnu++14";
				CLANG_CXX_LIBRARY = "libc++";
				CLANG_ENABLE_MODULES = YES;
				CLANG_ENABLE_OBJC_ARC = YES;
				CLANG_WARN_BLOCK_CAPTURE_AUTORELEASING = YES;
				CLANG_WARN_BOOL_CONVERSION = YES;
				CLANG_WARN_COMMA = YES;
				CLANG_WARN_CONSTANT_CONVERSION = YES;
				CLANG_WARN_DIRECT_OBJC_ISA_USAGE = YES_ERROR;
				CLANG_WARN_DOCUMENTATION_COMMENTS = YES;
				CLANG_WARN_EMPTY_BODY = YES;
				CLANG_WARN_ENUM_CONVERSION = YES;
				CLANG_WARN_INFINITE_RECURSION = YES;
				CLANG_WARN_INT_CONVERSION = YES;
				CLANG_WARN_NON_LITERAL_NULL_CONVERSION = YES;
				CLANG_WARN_OBJC_LITERAL_CONVERSION = YES;
				CLANG_WARN_OBJC_ROOT_CLASS = YES_ERROR;
				CLANG_WARN_RANGE_LOOP_ANALYSIS = YES;
				CLANG_WARN_STRICT_PROTOTYPES = YES;
				CLANG_WARN_SUSPICIOUS_MOVE = YES;
				CLANG_WARN_UNGUARDED_AVAILABILITY = YES_AGGRESSIVE;
				CLANG_WARN_UNREACHABLE_CODE = YES;
				CLANG_WARN__DUPLICATE_METHOD_MATCH = YES;
				CODE_SIGN_IDENTITY = "iPhone Developer";
				COPY_PHASE_STRIP = NO;
				DEBUG_INFORMATION_FORMAT = "dwarf-with-dsym";
				ENABLE_NS_ASSERTIONS = NO;
				ENABLE_STRICT_OBJC_MSGSEND = YES;
				GCC_C_LANGUAGE_STANDARD = gnu11;
				GCC_NO_COMMON_BLOCKS = YES;
				GCC_WARN_64_TO_32_BIT_CONVERSION = YES;
				GCC_WARN_ABOUT_RETURN_TYPE = YES_ERROR;
				GCC_WARN_UNDECLARED_SELECTOR = YES;
				GCC_WARN_UNINITIALIZED_AUTOS = YES_AGGRESSIVE;
				GCC_WARN_UNUSED_FUNCTION = YES;
				GCC_WARN_UNUSED_VARIABLE = YES;
				IPHONEOS_DEPLOYMENT_TARGET = 11.0;
				MTL_ENABLE_DEBUG_INFO = NO;
				SDKROOT = iphoneos;
				SWIFT_OPTIMIZATION_LEVEL = "-Owholemodule";
				VALIDATE_PRODUCT = YES;
			};
			name = Release;
		};
		A33D74F71FA05C9F007E362E /* Debug */ = {
			isa = XCBuildConfiguration;
			buildSettings = {
				ASSETCATALOG_COMPILER_APPICON_NAME = AppIcon;
				CODE_SIGN_STYLE = Automatic;
				DEVELOPMENT_TEAM = F69WJ27LN4;
				INFOPLIST_FILE = "BLE Lab/Info.plist";
				LD_RUNPATH_SEARCH_PATHS = "$(inherited) @executable_path/Frameworks";
				PRODUCT_BUNDLE_IDENTIFIER = "edu.smu.lyle.cse5323.lhansen.BLE-Lab";
				PRODUCT_NAME = "$(TARGET_NAME)";
				SWIFT_VERSION = 4.0;
				TARGETED_DEVICE_FAMILY = "1,2";
			};
			name = Debug;
		};
		A33D74F81FA05C9F007E362E /* Release */ = {
			isa = XCBuildConfiguration;
			buildSettings = {
				ASSETCATALOG_COMPILER_APPICON_NAME = AppIcon;
				CODE_SIGN_STYLE = Automatic;
				DEVELOPMENT_TEAM = F69WJ27LN4;
				INFOPLIST_FILE = "BLE Lab/Info.plist";
				LD_RUNPATH_SEARCH_PATHS = "$(inherited) @executable_path/Frameworks";
				PRODUCT_BUNDLE_IDENTIFIER = "edu.smu.lyle.cse5323.lhansen.BLE-Lab";
				PRODUCT_NAME = "$(TARGET_NAME)";
				SWIFT_VERSION = 4.0;
				TARGETED_DEVICE_FAMILY = "1,2";
			};
			name = Release;
		};
		A33D74FA1FA05C9F007E362E /* Debug */ = {
			isa = XCBuildConfiguration;
			buildSettings = {
				ALWAYS_EMBED_SWIFT_STANDARD_LIBRARIES = YES;
				BUNDLE_LOADER = "$(TEST_HOST)";
				CODE_SIGN_STYLE = Automatic;
				DEVELOPMENT_TEAM = F69WJ27LN4;
				INFOPLIST_FILE = "BLE LabTests/Info.plist";
				LD_RUNPATH_SEARCH_PATHS = "$(inherited) @executable_path/Frameworks @loader_path/Frameworks";
				PRODUCT_BUNDLE_IDENTIFIER = "edu.smu.lyle.cse5323.lhansen.BLE-LabTests";
				PRODUCT_NAME = "$(TARGET_NAME)";
				SWIFT_VERSION = 4.0;
				TARGETED_DEVICE_FAMILY = "1,2";
				TEST_HOST = "$(BUILT_PRODUCTS_DIR)/BLE Lab.app/BLE Lab";
			};
			name = Debug;
		};
		A33D74FB1FA05C9F007E362E /* Release */ = {
			isa = XCBuildConfiguration;
			buildSettings = {
				ALWAYS_EMBED_SWIFT_STANDARD_LIBRARIES = YES;
				BUNDLE_LOADER = "$(TEST_HOST)";
				CODE_SIGN_STYLE = Automatic;
				DEVELOPMENT_TEAM = F69WJ27LN4;
				INFOPLIST_FILE = "BLE LabTests/Info.plist";
				LD_RUNPATH_SEARCH_PATHS = "$(inherited) @executable_path/Frameworks @loader_path/Frameworks";
				PRODUCT_BUNDLE_IDENTIFIER = "edu.smu.lyle.cse5323.lhansen.BLE-LabTests";
				PRODUCT_NAME = "$(TARGET_NAME)";
				SWIFT_VERSION = 4.0;
				TARGETED_DEVICE_FAMILY = "1,2";
				TEST_HOST = "$(BUILT_PRODUCTS_DIR)/BLE Lab.app/BLE Lab";
			};
			name = Release;
		};
		A33D74FD1FA05C9F007E362E /* Debug */ = {
			isa = XCBuildConfiguration;
			buildSettings = {
				ALWAYS_EMBED_SWIFT_STANDARD_LIBRARIES = YES;
				CODE_SIGN_STYLE = Automatic;
				DEVELOPMENT_TEAM = F69WJ27LN4;
				INFOPLIST_FILE = "BLE LabUITests/Info.plist";
				LD_RUNPATH_SEARCH_PATHS = "$(inherited) @executable_path/Frameworks @loader_path/Frameworks";
				PRODUCT_BUNDLE_IDENTIFIER = "edu.smu.lyle.cse5323.lhansen.BLE-LabUITests";
				PRODUCT_NAME = "$(TARGET_NAME)";
				SWIFT_VERSION = 4.0;
				TARGETED_DEVICE_FAMILY = "1,2";
				TEST_TARGET_NAME = "BLE Lab";
			};
			name = Debug;
		};
		A33D74FE1FA05C9F007E362E /* Release */ = {
			isa = XCBuildConfiguration;
			buildSettings = {
				ALWAYS_EMBED_SWIFT_STANDARD_LIBRARIES = YES;
				CODE_SIGN_STYLE = Automatic;
				DEVELOPMENT_TEAM = F69WJ27LN4;
				INFOPLIST_FILE = "BLE LabUITests/Info.plist";
				LD_RUNPATH_SEARCH_PATHS = "$(inherited) @executable_path/Frameworks @loader_path/Frameworks";
				PRODUCT_BUNDLE_IDENTIFIER = "edu.smu.lyle.cse5323.lhansen.BLE-LabUITests";
				PRODUCT_NAME = "$(TARGET_NAME)";
				SWIFT_VERSION = 4.0;
				TARGETED_DEVICE_FAMILY = "1,2";
				TEST_TARGET_NAME = "BLE Lab";
			};
			name = Release;
		};
/* End XCBuildConfiguration section */

/* Begin XCConfigurationList section */
		A33D74C91FA05C9F007E362E /* Build configuration list for PBXProject "BLE Lab" */ = {
			isa = XCConfigurationList;
			buildConfigurations = (
				A33D74F41FA05C9F007E362E /* Debug */,
				A33D74F51FA05C9F007E362E /* Release */,
			);
			defaultConfigurationIsVisible = 0;
			defaultConfigurationName = Release;
		};
		A33D74F61FA05C9F007E362E /* Build configuration list for PBXNativeTarget "BLE Lab" */ = {
			isa = XCConfigurationList;
			buildConfigurations = (
				A33D74F71FA05C9F007E362E /* Debug */,
				A33D74F81FA05C9F007E362E /* Release */,
			);
			defaultConfigurationIsVisible = 0;
			defaultConfigurationName = Release;
		};
		A33D74F91FA05C9F007E362E /* Build configuration list for PBXNativeTarget "BLE LabTests" */ = {
			isa = XCConfigurationList;
			buildConfigurations = (
				A33D74FA1FA05C9F007E362E /* Debug */,
				A33D74FB1FA05C9F007E362E /* Release */,
			);
			defaultConfigurationIsVisible = 0;
			defaultConfigurationName = Release;
		};
		A33D74FC1FA05C9F007E362E /* Build configuration list for PBXNativeTarget "BLE LabUITests" */ = {
			isa = XCConfigurationList;
			buildConfigurations = (
				A33D74FD1FA05C9F007E362E /* Debug */,
				A33D74FE1FA05C9F007E362E /* Release */,
			);
			defaultConfigurationIsVisible = 0;
			defaultConfigurationName = Release;
		};
/* End XCConfigurationList section */
	};
	rootObject = A33D74C61FA05C9F007E362E /* Project object */;
}
